// !$*UTF8*$!
{
	archiveVersion = 1;
	classes = {
	};
	objectVersion = 46;
	objects = {

/* Begin PBXBuildFile section */
		A73160BD1D6DCF9900AEF0C9 /* main.m in Sources */ = {isa = PBXBuildFile; fileRef = A73160BC1D6DCF9900AEF0C9 /* main.m */; };
		A73160C01D6DCF9900AEF0C9 /* AppDelegate.m in Sources */ = {isa = PBXBuildFile; fileRef = A73160BF1D6DCF9900AEF0C9 /* AppDelegate.m */; };
		A73160C61D6DCF9900AEF0C9 /* Main.storyboard in Resources */ = {isa = PBXBuildFile; fileRef = A73160C41D6DCF9900AEF0C9 /* Main.storyboard */; };
		A73160C81D6DCF9900AEF0C9 /* Assets.xcassets in Resources */ = {isa = PBXBuildFile; fileRef = A73160C71D6DCF9900AEF0C9 /* Assets.xcassets */; };
		A73160CB1D6DCF9900AEF0C9 /* LaunchScreen.storyboard in Resources */ = {isa = PBXBuildFile; fileRef = A73160C91D6DCF9900AEF0C9 /* LaunchScreen.storyboard */; };
		A73160D61D6DCF9900AEF0C9 /* HomepwnerTests.m in Sources */ = {isa = PBXBuildFile; fileRef = A73160D51D6DCF9900AEF0C9 /* HomepwnerTests.m */; };
		A73160E11D6DCF9900AEF0C9 /* HomepwnerUITests.m in Sources */ = {isa = PBXBuildFile; fileRef = A73160E01D6DCF9900AEF0C9 /* HomepwnerUITests.m */; };
		A73160F01D6EBF0E00AEF0C9 /* BNRItemsViewController.m in Sources */ = {isa = PBXBuildFile; fileRef = A73160EF1D6EBF0E00AEF0C9 /* BNRItemsViewController.m */; };
		A73160F91D6ECC3800AEF0C9 /* BNRItem.m in Sources */ = {isa = PBXBuildFile; fileRef = A73160F81D6ECC3800AEF0C9 /* BNRItem.m */; };
		A73160FC1D6ECCE400AEF0C9 /* BNRItemStore.m in Sources */ = {isa = PBXBuildFile; fileRef = A73160FB1D6ECCE400AEF0C9 /* BNRItemStore.m */; };
/* End PBXBuildFile section */

/* Begin PBXContainerItemProxy section */
		A73160D21D6DCF9900AEF0C9 /* PBXContainerItemProxy */ = {
			isa = PBXContainerItemProxy;
			containerPortal = A73160B01D6DCF9900AEF0C9 /* Project object */;
			proxyType = 1;
			remoteGlobalIDString = A73160B71D6DCF9900AEF0C9;
			remoteInfo = Homepwner;
		};
		A73160DD1D6DCF9900AEF0C9 /* PBXContainerItemProxy */ = {
			isa = PBXContainerItemProxy;
			containerPortal = A73160B01D6DCF9900AEF0C9 /* Project object */;
			proxyType = 1;
			remoteGlobalIDString = A73160B71D6DCF9900AEF0C9;
			remoteInfo = Homepwner;
		};
/* End PBXContainerItemProxy section */

/* Begin PBXFileReference section */
		A73160B81D6DCF9900AEF0C9 /* Homepwner.app */ = {isa = PBXFileReference; explicitFileType = wrapper.application; includeInIndex = 0; path = Homepwner.app; sourceTree = BUILT_PRODUCTS_DIR; };
		A73160BC1D6DCF9900AEF0C9 /* main.m */ = {isa = PBXFileReference; lastKnownFileType = sourcecode.c.objc; path = main.m; sourceTree = "<group>"; };
		A73160BE1D6DCF9900AEF0C9 /* AppDelegate.h */ = {isa = PBXFileReference; lastKnownFileType = sourcecode.c.h; path = AppDelegate.h; sourceTree = "<group>"; };
		A73160BF1D6DCF9900AEF0C9 /* AppDelegate.m */ = {isa = PBXFileReference; lastKnownFileType = sourcecode.c.objc; path = AppDelegate.m; sourceTree = "<group>"; };
		A73160C51D6DCF9900AEF0C9 /* Base */ = {isa = PBXFileReference; lastKnownFileType = file.storyboard; name = Base; path = Base.lproj/Main.storyboard; sourceTree = "<group>"; };
		A73160C71D6DCF9900AEF0C9 /* Assets.xcassets */ = {isa = PBXFileReference; lastKnownFileType = folder.assetcatalog; path = Assets.xcassets; sourceTree = "<group>"; };
		A73160CA1D6DCF9900AEF0C9 /* Base */ = {isa = PBXFileReference; lastKnownFileType = file.storyboard; name = Base; path = Base.lproj/LaunchScreen.storyboard; sourceTree = "<group>"; };
		A73160CC1D6DCF9900AEF0C9 /* Info.plist */ = {isa = PBXFileReference; lastKnownFileType = text.plist.xml; path = Info.plist; sourceTree = "<group>"; };
		A73160D11D6DCF9900AEF0C9 /* HomepwnerTests.xctest */ = {isa = PBXFileReference; explicitFileType = wrapper.cfbundle; includeInIndex = 0; path = HomepwnerTests.xctest; sourceTree = BUILT_PRODUCTS_DIR; };
		A73160D51D6DCF9900AEF0C9 /* HomepwnerTests.m */ = {isa = PBXFileReference; lastKnownFileType = sourcecode.c.objc; path = HomepwnerTests.m; sourceTree = "<group>"; };
		A73160D71D6DCF9900AEF0C9 /* Info.plist */ = {isa = PBXFileReference; lastKnownFileType = text.plist.xml; path = Info.plist; sourceTree = "<group>"; };
		A73160DC1D6DCF9900AEF0C9 /* HomepwnerUITests.xctest */ = {isa = PBXFileReference; explicitFileType = wrapper.cfbundle; includeInIndex = 0; path = HomepwnerUITests.xctest; sourceTree = BUILT_PRODUCTS_DIR; };
		A73160E01D6DCF9900AEF0C9 /* HomepwnerUITests.m */ = {isa = PBXFileReference; lastKnownFileType = sourcecode.c.objc; path = HomepwnerUITests.m; sourceTree = "<group>"; };
		A73160E21D6DCF9900AEF0C9 /* Info.plist */ = {isa = PBXFileReference; lastKnownFileType = text.plist.xml; path = Info.plist; sourceTree = "<group>"; };
		A73160EE1D6EBF0E00AEF0C9 /* BNRItemsViewController.h */ = {isa = PBXFileReference; fileEncoding = 4; lastKnownFileType = sourcecode.c.h; path = BNRItemsViewController.h; sourceTree = "<group>"; };
		A73160EF1D6EBF0E00AEF0C9 /* BNRItemsViewController.m */ = {isa = PBXFileReference; fileEncoding = 4; lastKnownFileType = sourcecode.c.objc; path = BNRItemsViewController.m; sourceTree = "<group>"; };
		A73160F71D6ECC3800AEF0C9 /* BNRItem.h */ = {isa = PBXFileReference; fileEncoding = 4; lastKnownFileType = sourcecode.c.h; path = BNRItem.h; sourceTree = "<group>"; };
		A73160F81D6ECC3800AEF0C9 /* BNRItem.m */ = {isa = PBXFileReference; fileEncoding = 4; lastKnownFileType = sourcecode.c.objc; path = BNRItem.m; sourceTree = "<group>"; };
		A73160FA1D6ECCE400AEF0C9 /* BNRItemStore.h */ = {isa = PBXFileReference; fileEncoding = 4; lastKnownFileType = sourcecode.c.h; path = BNRItemStore.h; sourceTree = "<group>"; };
		A73160FB1D6ECCE400AEF0C9 /* BNRItemStore.m */ = {isa = PBXFileReference; fileEncoding = 4; lastKnownFileType = sourcecode.c.objc; path = BNRItemStore.m; sourceTree = "<group>"; };
/* End PBXFileReference section */

/* Begin PBXFrameworksBuildPhase section */
		A73160B51D6DCF9900AEF0C9 /* Frameworks */ = {
			isa = PBXFrameworksBuildPhase;
			buildActionMask = 2147483647;
			files = (
			);
			runOnlyForDeploymentPostprocessing = 0;
		};
		A73160CE1D6DCF9900AEF0C9 /* Frameworks */ = {
			isa = PBXFrameworksBuildPhase;
			buildActionMask = 2147483647;
			files = (
			);
			runOnlyForDeploymentPostprocessing = 0;
		};
		A73160D91D6DCF9900AEF0C9 /* Frameworks */ = {
			isa = PBXFrameworksBuildPhase;
			buildActionMask = 2147483647;
			files = (
			);
			runOnlyForDeploymentPostprocessing = 0;
		};
/* End PBXFrameworksBuildPhase section */

/* Begin PBXGroup section */
		A73160AF1D6DCF9900AEF0C9 = {
			isa = PBXGroup;
			children = (
				A73160BA1D6DCF9900AEF0C9 /* Homepwner */,
				A73160D41D6DCF9900AEF0C9 /* HomepwnerTests */,
				A73160DF1D6DCF9900AEF0C9 /* HomepwnerUITests */,
				A73160B91D6DCF9900AEF0C9 /* Products */,
			);
			sourceTree = "<group>";
		};
		A73160B91D6DCF9900AEF0C9 /* Products */ = {
			isa = PBXGroup;
			children = (
				A73160B81D6DCF9900AEF0C9 /* Homepwner.app */,
				A73160D11D6DCF9900AEF0C9 /* HomepwnerTests.xctest */,
				A73160DC1D6DCF9900AEF0C9 /* HomepwnerUITests.xctest */,
			);
			name = Products;
			sourceTree = "<group>";
		};
		A73160BA1D6DCF9900AEF0C9 /* Homepwner */ = {
			isa = PBXGroup;
			children = (
				A73160BE1D6DCF9900AEF0C9 /* AppDelegate.h */,
				A73160BF1D6DCF9900AEF0C9 /* AppDelegate.m */,
				A73160F71D6ECC3800AEF0C9 /* BNRItem.h */,
				A73160F81D6ECC3800AEF0C9 /* BNRItem.m */,
				A73160FA1D6ECCE400AEF0C9 /* BNRItemStore.h */,
				A73160FB1D6ECCE400AEF0C9 /* BNRItemStore.m */,
				A73160EE1D6EBF0E00AEF0C9 /* BNRItemsViewController.h */,
				A73160EF1D6EBF0E00AEF0C9 /* BNRItemsViewController.m */,
				A73160C41D6DCF9900AEF0C9 /* Main.storyboard */,
				A73160C71D6DCF9900AEF0C9 /* Assets.xcassets */,
				A73160C91D6DCF9900AEF0C9 /* LaunchScreen.storyboard */,
				A73160CC1D6DCF9900AEF0C9 /* Info.plist */,
				A73160BB1D6DCF9900AEF0C9 /* Supporting Files */,
			);
			path = Homepwner;
			sourceTree = "<group>";
		};
		A73160BB1D6DCF9900AEF0C9 /* Supporting Files */ = {
			isa = PBXGroup;
			children = (
				A73160BC1D6DCF9900AEF0C9 /* main.m */,
			);
			name = "Supporting Files";
			sourceTree = "<group>";
		};
		A73160D41D6DCF9900AEF0C9 /* HomepwnerTests */ = {
			isa = PBXGroup;
			children = (
				A73160D51D6DCF9900AEF0C9 /* HomepwnerTests.m */,
				A73160D71D6DCF9900AEF0C9 /* Info.plist */,
			);
			path = HomepwnerTests;
			sourceTree = "<group>";
		};
		A73160DF1D6DCF9900AEF0C9 /* HomepwnerUITests */ = {
			isa = PBXGroup;
			children = (
				A73160E01D6DCF9900AEF0C9 /* HomepwnerUITests.m */,
				A73160E21D6DCF9900AEF0C9 /* Info.plist */,
			);
			path = HomepwnerUITests;
			sourceTree = "<group>";
		};
/* End PBXGroup section */

/* Begin PBXNativeTarget section */
		A73160B71D6DCF9900AEF0C9 /* Homepwner */ = {
			isa = PBXNativeTarget;
			buildConfigurationList = A73160E51D6DCF9900AEF0C9 /* Build configuration list for PBXNativeTarget "Homepwner" */;
			buildPhases = (
				A73160B41D6DCF9900AEF0C9 /* Sources */,
				A73160B51D6DCF9900AEF0C9 /* Frameworks */,
				A73160B61D6DCF9900AEF0C9 /* Resources */,
			);
			buildRules = (
			);
			dependencies = (
			);
			name = Homepwner;
			productName = Homepwner;
			productReference = A73160B81D6DCF9900AEF0C9 /* Homepwner.app */;
			productType = "com.apple.product-type.application";
		};
		A73160D01D6DCF9900AEF0C9 /* HomepwnerTests */ = {
			isa = PBXNativeTarget;
			buildConfigurationList = A73160E81D6DCF9900AEF0C9 /* Build configuration list for PBXNativeTarget "HomepwnerTests" */;
			buildPhases = (
				A73160CD1D6DCF9900AEF0C9 /* Sources */,
				A73160CE1D6DCF9900AEF0C9 /* Frameworks */,
				A73160CF1D6DCF9900AEF0C9 /* Resources */,
			);
			buildRules = (
			);
			dependencies = (
				A73160D31D6DCF9900AEF0C9 /* PBXTargetDependency */,
			);
			name = HomepwnerTests;
			productName = HomepwnerTests;
			productReference = A73160D11D6DCF9900AEF0C9 /* HomepwnerTests.xctest */;
			productType = "com.apple.product-type.bundle.unit-test";
		};
		A73160DB1D6DCF9900AEF0C9 /* HomepwnerUITests */ = {
			isa = PBXNativeTarget;
			buildConfigurationList = A73160EB1D6DCF9900AEF0C9 /* Build configuration list for PBXNativeTarget "HomepwnerUITests" */;
			buildPhases = (
				A73160D81D6DCF9900AEF0C9 /* Sources */,
				A73160D91D6DCF9900AEF0C9 /* Frameworks */,
				A73160DA1D6DCF9900AEF0C9 /* Resources */,
			);
			buildRules = (
			);
			dependencies = (
				A73160DE1D6DCF9900AEF0C9 /* PBXTargetDependency */,
			);
			name = HomepwnerUITests;
			productName = HomepwnerUITests;
			productReference = A73160DC1D6DCF9900AEF0C9 /* HomepwnerUITests.xctest */;
			productType = "com.apple.product-type.bundle.ui-testing";
		};
/* End PBXNativeTarget section */

/* Begin PBXProject section */
		A73160B01D6DCF9900AEF0C9 /* Project object */ = {
			isa = PBXProject;
			attributes = {
				LastUpgradeCheck = 0730;
				ORGANIZATIONNAME = "Sumit Saha";
				TargetAttributes = {
					A73160B71D6DCF9900AEF0C9 = {
						CreatedOnToolsVersion = 7.3.1;
					};
					A73160D01D6DCF9900AEF0C9 = {
						CreatedOnToolsVersion = 7.3.1;
						TestTargetID = A73160B71D6DCF9900AEF0C9;
					};
					A73160DB1D6DCF9900AEF0C9 = {
						CreatedOnToolsVersion = 7.3.1;
						TestTargetID = A73160B71D6DCF9900AEF0C9;
					};
				};
			};
			buildConfigurationList = A73160B31D6DCF9900AEF0C9 /* Build configuration list for PBXProject "Homepwner" */;
			compatibilityVersion = "Xcode 3.2";
			developmentRegion = English;
			hasScannedForEncodings = 0;
			knownRegions = (
				en,
				Base,
			);
			mainGroup = A73160AF1D6DCF9900AEF0C9;
			productRefGroup = A73160B91D6DCF9900AEF0C9 /* Products */;
			projectDirPath = "";
			projectRoot = "";
			targets = (
				A73160B71D6DCF9900AEF0C9 /* Homepwner */,
				A73160D01D6DCF9900AEF0C9 /* HomepwnerTests */,
				A73160DB1D6DCF9900AEF0C9 /* HomepwnerUITests */,
			);
		};
/* End PBXProject section */

/* Begin PBXResourcesBuildPhase section */
		A73160B61D6DCF9900AEF0C9 /* Resources */ = {
			isa = PBXResourcesBuildPhase;
			buildActionMask = 2147483647;
			files = (
				A73160CB1D6DCF9900AEF0C9 /* LaunchScreen.storyboard in Resources */,
				A73160C81D6DCF9900AEF0C9 /* Assets.xcassets in Resources */,
				A73160C61D6DCF9900AEF0C9 /* Main.storyboard in Resources */,
			);
			runOnlyForDeploymentPostprocessing = 0;
		};
		A73160CF1D6DCF9900AEF0C9 /* Resources */ = {
			isa = PBXResourcesBuildPhase;
			buildActionMask = 2147483647;
			files = (
			);
			runOnlyForDeploymentPostprocessing = 0;
		};
		A73160DA1D6DCF9900AEF0C9 /* Resources */ = {
			isa = PBXResourcesBuildPhase;
			buildActionMask = 2147483647;
			files = (
			);
			runOnlyForDeploymentPostprocessing = 0;
		};
/* End PBXResourcesBuildPhase section */

/* Begin PBXSourcesBuildPhase section */
		A73160B41D6DCF9900AEF0C9 /* Sources */ = {
			isa = PBXSourcesBuildPhase;
			buildActionMask = 2147483647;
			files = (
				A73160FC1D6ECCE400AEF0C9 /* BNRItemStore.m in Sources */,
				A73160F01D6EBF0E00AEF0C9 /* BNRItemsViewController.m in Sources */,
				A73160F91D6ECC3800AEF0C9 /* BNRItem.m in Sources */,
				A73160C01D6DCF9900AEF0C9 /* AppDelegate.m in Sources */,
				A73160BD1D6DCF9900AEF0C9 /* main.m in Sources */,
			);
			runOnlyForDeploymentPostprocessing = 0;
		};
		A73160CD1D6DCF9900AEF0C9 /* Sources */ = {
			isa = PBXSourcesBuildPhase;
			buildActionMask = 2147483647;
			files = (
				A73160D61D6DCF9900AEF0C9 /* HomepwnerTests.m in Sources */,
			);
			runOnlyForDeploymentPostprocessing = 0;
		};
		A73160D81D6DCF9900AEF0C9 /* Sources */ = {
			isa = PBXSourcesBuildPhase;
			buildActionMask = 2147483647;
			files = (
				A73160E11D6DCF9900AEF0C9 /* HomepwnerUITests.m in Sources */,
			);
			runOnlyForDeploymentPostprocessing = 0;
		};
/* End PBXSourcesBuildPhase section */

/* Begin PBXTargetDependency section */
		A73160D31D6DCF9900AEF0C9 /* PBXTargetDependency */ = {
			isa = PBXTargetDependency;
			target = A73160B71D6DCF9900AEF0C9 /* Homepwner */;
			targetProxy = A73160D21D6DCF9900AEF0C9 /* PBXContainerItemProxy */;
		};
		A73160DE1D6DCF9900AEF0C9 /* PBXTargetDependency */ = {
			isa = PBXTargetDependency;
			target = A73160B71D6DCF9900AEF0C9 /* Homepwner */;
			targetProxy = A73160DD1D6DCF9900AEF0C9 /* PBXContainerItemProxy */;
		};
/* End PBXTargetDependency section */

/* Begin PBXVariantGroup section */
		A73160C41D6DCF9900AEF0C9 /* Main.storyboard */ = {
			isa = PBXVariantGroup;
			children = (
				A73160C51D6DCF9900AEF0C9 /* Base */,
			);
			name = Main.storyboard;
			sourceTree = "<group>";
		};
		A73160C91D6DCF9900AEF0C9 /* LaunchScreen.storyboard */ = {
			isa = PBXVariantGroup;
			children = (
				A73160CA1D6DCF9900AEF0C9 /* Base */,
			);
			name = LaunchScreen.storyboard;
			sourceTree = "<group>";
		};
/* End PBXVariantGroup section */

/* Begin XCBuildConfiguration section */
		A73160E31D6DCF9900AEF0C9 /* Debug */ = {
			isa = XCBuildConfiguration;
			buildSettings = {
				ALWAYS_SEARCH_USER_PATHS = NO;
				CLANG_ANALYZER_NONNULL = YES;
				CLANG_CXX_LANGUAGE_STANDARD = "gnu++0x";
				CLANG_CXX_LIBRARY = "libc++";
				CLANG_ENABLE_MODULES = YES;
				CLANG_ENABLE_OBJC_ARC = YES;
				CLANG_WARN_BOOL_CONVERSION = YES;
				CLANG_WARN_CONSTANT_CONVERSION = YES;
				CLANG_WARN_DIRECT_OBJC_ISA_USAGE = YES_ERROR;
				CLANG_WARN_EMPTY_BODY = YES;
				CLANG_WARN_ENUM_CONVERSION = YES;
				CLANG_WARN_INT_CONVERSION = YES;
				CLANG_WARN_OBJC_ROOT_CLASS = YES_ERROR;
				CLANG_WARN_UNREACHABLE_CODE = YES;
				CLANG_WARN__DUPLICATE_METHOD_MATCH = YES;
				"CODE_SIGN_IDENTITY[sdk=iphoneos*]" = "iPhone Developer";
				COPY_PHASE_STRIP = NO;
				DEBUG_INFORMATION_FORMAT = dwarf;
				ENABLE_STRICT_OBJC_MSGSEND = YES;
				ENABLE_TESTABILITY = YES;
				GCC_C_LANGUAGE_STANDARD = gnu99;
				GCC_DYNAMIC_NO_PIC = NO;
				GCC_NO_COMMON_BLOCKS = YES;
				GCC_OPTIMIZATION_LEVEL = 0;
				GCC_PREPROCESSOR_DEFINITIONS = (
					"DEBUG=1",
					"$(inherited)",
				);
				GCC_WARN_64_TO_32_BIT_CONVERSION = YES;
				GCC_WARN_ABOUT_RETURN_TYPE = YES_ERROR;
				GCC_WARN_UNDECLARED_SELECTOR = YES;
				GCC_WARN_UNINITIALIZED_AUTOS = YES_AGGRESSIVE;
				GCC_WARN_UNUSED_FUNCTION = YES;
				GCC_WARN_UNUSED_VARIABLE = YES;
				IPHONEOS_DEPLOYMENT_TARGET = 9.3;
				MTL_ENABLE_DEBUG_INFO = YES;
				ONLY_ACTIVE_ARCH = YES;
				SDKROOT = iphoneos;
				TARGETED_DEVICE_FAMILY = "1,2";
			};
			name = Debug;
		};
		A73160E41D6DCF9900AEF0C9 /* Release */ = {
			isa = XCBuildConfiguration;
			buildSettings = {
				ALWAYS_SEARCH_USER_PATHS = NO;
				CLANG_ANALYZER_NONNULL = YES;
				CLANG_CXX_LANGUAGE_STANDARD = "gnu++0x";
				CLANG_CXX_LIBRARY = "libc++";
				CLANG_ENABLE_MODULES = YES;
				CLANG_ENABLE_OBJC_ARC = YES;
				CLANG_WARN_BOOL_CONVERSION = YES;
				CLANG_WARN_CONSTANT_CONVERSION = YES;
				CLANG_WARN_DIRECT_OBJC_ISA_USAGE = YES_ERROR;
				CLANG_WARN_EMPTY_BODY = YES;
				CLANG_WARN_ENUM_CONVERSION = YES;
				CLANG_WARN_INT_CONVERSION = YES;
				CLANG_WARN_OBJC_ROOT_CLASS = YES_ERROR;
				CLANG_WARN_UNREACHABLE_CODE = YES;
				CLANG_WARN__DUPLICATE_METHOD_MATCH = YES;
				"CODE_SIGN_IDENTITY[sdk=iphoneos*]" = "iPhone Developer";
				COPY_PHASE_STRIP = NO;
				DEBUG_INFORMATION_FORMAT = "dwarf-with-dsym";
				ENABLE_NS_ASSERTIONS = NO;
				ENABLE_STRICT_OBJC_MSGSEND = YES;
				GCC_C_LANGUAGE_STANDARD = gnu99;
				GCC_NO_COMMON_BLOCKS = YES;
				GCC_WARN_64_TO_32_BIT_CONVERSION = YES;
				GCC_WARN_ABOUT_RETURN_TYPE = YES_ERROR;
				GCC_WARN_UNDECLARED_SELECTOR = YES;
				GCC_WARN_UNINITIALIZED_AUTOS = YES_AGGRESSIVE;
				GCC_WARN_UNUSED_FUNCTION = YES;
				GCC_WARN_UNUSED_VARIABLE = YES;
				IPHONEOS_DEPLOYMENT_TARGET = 9.3;
				MTL_ENABLE_DEBUG_INFO = NO;
				SDKROOT = iphoneos;
				TARGETED_DEVICE_FAMILY = "1,2";
				VALIDATE_PRODUCT = YES;
			};
			name = Release;
		};
		A73160E61D6DCF9900AEF0C9 /* Debug */ = {
			isa = XCBuildConfiguration;
			buildSettings = {
				ASSETCATALOG_COMPILER_APPICON_NAME = AppIcon;
				INFOPLIST_FILE = Homepwner/Info.plist;
				LD_RUNPATH_SEARCH_PATHS = "$(inherited) @executable_path/Frameworks";
				PRODUCT_BUNDLE_IDENTIFIER = com.adobe.capture.ios;
				PRODUCT_NAME = "$(TARGET_NAME)";
			};
			name = Debug;
		};
		A73160E71D6DCF9900AEF0C9 /* Release */ = {
			isa = XCBuildConfiguration;
			buildSettings = {
				ASSETCATALOG_COMPILER_APPICON_NAME = AppIcon;
				INFOPLIST_FILE = Homepwner/Info.plist;
				LD_RUNPATH_SEARCH_PATHS = "$(inherited) @executable_path/Frameworks";
				PRODUCT_BUNDLE_IDENTIFIER = com.adobe.capture.ios;
				PRODUCT_NAME = "$(TARGET_NAME)";
			};
			name = Release;
		};
		A73160E91D6DCF9900AEF0C9 /* Debug */ = {
			isa = XCBuildConfiguration;
			buildSettings = {
				BUNDLE_LOADER = "$(TEST_HOST)";
				INFOPLIST_FILE = HomepwnerTests/Info.plist;
				LD_RUNPATH_SEARCH_PATHS = "$(inherited) @executable_path/Frameworks @loader_path/Frameworks";
				PRODUCT_BUNDLE_IDENTIFIER = com.saha.HomepwnerTests;
				PRODUCT_NAME = "$(TARGET_NAME)";
				TEST_HOST = "$(BUILT_PRODUCTS_DIR)/Homepwner.app/Homepwner";
			};
			name = Debug;
		};
		A73160EA1D6DCF9900AEF0C9 /* Release */ = {
			isa = XCBuildConfiguration;
			buildSettings = {
				BUNDLE_LOADER = "$(TEST_HOST)";
				INFOPLIST_FILE = HomepwnerTests/Info.plist;
				LD_RUNPATH_SEARCH_PATHS = "$(inherited) @executable_path/Frameworks @loader_path/Frameworks";
				PRODUCT_BUNDLE_IDENTIFIER = com.saha.HomepwnerTests;
				PRODUCT_NAME = "$(TARGET_NAME)";
				TEST_HOST = "$(BUILT_PRODUCTS_DIR)/Homepwner.app/Homepwner";
			};
			name = Release;
		};
		A73160EC1D6DCF9900AEF0C9 /* Debug */ = {
			isa = XCBuildConfiguration;
			buildSettings = {
				INFOPLIST_FILE = HomepwnerUITests/Info.plist;
				LD_RUNPATH_SEARCH_PATHS = "$(inherited) @executable_path/Frameworks @loader_path/Frameworks";
				PRODUCT_BUNDLE_IDENTIFIER = com.saha.HomepwnerUITests;
				PRODUCT_NAME = "$(TARGET_NAME)";
				TEST_TARGET_NAME = Homepwner;
			};
			name = Debug;
		};
		A73160ED1D6DCF9900AEF0C9 /* Release */ = {
			isa = XCBuildConfiguration;
			buildSettings = {
				INFOPLIST_FILE = HomepwnerUITests/Info.plist;
				LD_RUNPATH_SEARCH_PATHS = "$(inherited) @executable_path/Frameworks @loader_path/Frameworks";
				PRODUCT_BUNDLE_IDENTIFIER = com.saha.HomepwnerUITests;
				PRODUCT_NAME = "$(TARGET_NAME)";
				TEST_TARGET_NAME = Homepwner;
			};
			name = Release;
		};
/* End XCBuildConfiguration section */

/* Begin XCConfigurationList section */
		A73160B31D6DCF9900AEF0C9 /* Build configuration list for PBXProject "Homepwner" */ = {
			isa = XCConfigurationList;
			buildConfigurations = (
				A73160E31D6DCF9900AEF0C9 /* Debug */,
				A73160E41D6DCF9900AEF0C9 /* Release */,
			);
			defaultConfigurationIsVisible = 0;
			defaultConfigurationName = Release;
		};
		A73160E51D6DCF9900AEF0C9 /* Build configuration list for PBXNativeTarget "Homepwner" */ = {
			isa = XCConfigurationList;
			buildConfigurations = (
				A73160E61D6DCF9900AEF0C9 /* Debug */,
				A73160E71D6DCF9900AEF0C9 /* Release */,
			);
			defaultConfigurationIsVisible = 0;
		};
		A73160E81D6DCF9900AEF0C9 /* Build configuration list for PBXNativeTarget "HomepwnerTests" */ = {
			isa = XCConfigurationList;
			buildConfigurations = (
				A73160E91D6DCF9900AEF0C9 /* Debug */,
				A73160EA1D6DCF9900AEF0C9 /* Release */,
			);
			defaultConfigurationIsVisible = 0;
		};
		A73160EB1D6DCF9900AEF0C9 /* Build configuration list for PBXNativeTarget "HomepwnerUITests" */ = {
			isa = XCConfigurationList;
			buildConfigurations = (
				A73160EC1D6DCF9900AEF0C9 /* Debug */,
				A73160ED1D6DCF9900AEF0C9 /* Release */,
			);
			defaultConfigurationIsVisible = 0;
		};
/* End XCConfigurationList section */
	};
	rootObject = A73160B01D6DCF9900AEF0C9 /* Project object */;
}
